
Microsoft Visual Studio Solution File, Format Version 11.00
# Visual Studio 2010
Project("{8BC9CEB8-8B4A-11D0-8D11-00A0C91BC942}") = "InteractiveSpaceEngine", "InteractiveSpaceEngine\InteractiveSpaceEngine.vcxproj", "{F7E00155-BE6C-4A99-AF50-19E319F997A6}"
	ProjectSection(ProjectDependencies) = postProject
		{E28FD0B0-0889-44D7-87CC-62C6E1D08F7B} = {E28FD0B0-0889-44D7-87CC-62C6E1D08F7B}
		{279DADCF-F9B4-4351-973B-439E8715C35B} = {279DADCF-F9B4-4351-973B-439E8715C35B}
	EndProjectSection
EndProject
Project("{FAE04EC0-301F-11D3-BF4B-00C04F79EFBC}") = "ControlPanel", "ControlPanel\ControlPanel.csproj", "{4B152F4F-97AB-443B-BF9C-A5B1347B580D}"
	ProjectSection(ProjectDependencies) = postProject
		{F7E00155-BE6C-4A99-AF50-19E319F997A6} = {F7E00155-BE6C-4A99-AF50-19E319F997A6}
	EndProjectSection
EndProject
Project("{8BC9CEB8-8B4A-11D0-8D11-00A0C91BC942}") = "libvisca", "libvisca-1.1.0\VC2005\libvisca.vcxproj", "{279DADCF-F9B4-4351-973B-439E8715C35B}"
EndProject
Project("{FAE04EC0-301F-11D3-BF4B-00C04F79EFBC}") = "InteractiveSpaceSDK", "InteractiveSpaceSDK\InteractiveSpaceSDK.csproj", "{35BC03D0-5325-460C-AC49-144D0A6FFEF1}"
EndProject
Project("{FAE04EC0-301F-11D3-BF4B-00C04F79EFBC}") = "DocSenseApp", "DocSenseApp\DocSenseApp.csproj", "{E32BDAFF-BEA6-4D73-8563-8874BDAE48DC}"
EndProject
Project("{FAE04EC0-301F-11D3-BF4B-00C04F79EFBC}") = "everspaces", "everspaces\everspaces\everspaces.csproj", "{82FFF17B-640D-48F6-9D29-46DA11EA3CD1}"
EndProject
Project("{2150E333-8FDC-42A3-9474-1A3956D46DE8}") = "EverSpacesProjects", "EverSpacesProjects", "{9D7CBACA-0CB6-43A1-9848-B7239137C05D}"
EndProject
Project("{FAE04EC0-301F-11D3-BF4B-00C04F79EFBC}") = "Thrift", "everspaces\Thrift\Thrift.csproj", "{499EB63C-D74C-47E8-AE48-A2FC94538E9D}"
EndProject
Project("{FAE04EC0-301F-11D3-BF4B-00C04F79EFBC}") = "EDAM", "everspaces\Evernote\EDAM.csproj", "{7E5E1654-DAD4-4E03-82FC-8CA33DB1EBE5}"
EndProject
Project("{2150E333-8FDC-42A3-9474-1A3956D46DE8}") = "ObjectTracking", "ObjectTracking", "{E9082514-7C50-4323-911B-4627A95AE3F0}"
EndProject
Project("{8BC9CEB8-8B4A-11D0-8D11-00A0C91BC942}") = "SpaceTracking", "SpaceTracking\SpaceTracking.vcxproj", "{E28FD0B0-0889-44D7-87CC-62C6E1D08F7B}"
EndProject
Project("{2150E333-8FDC-42A3-9474-1A3956D46DE8}") = "llah", "llah", "{06882A58-02A5-4FBF-89A2-0C05D6E6CEBD}"
	ProjectSection(SolutionItems) = preProject
		llahdoc_api+\cv100.dll = llahdoc_api+\cv100.dll
		llahdoc_api+\cxcore100.dll = llahdoc_api+\cxcore100.dll
		llahdoc_api+\disc.h = llahdoc_api+\disc.h
		llahdoc_api+\hash.h = llahdoc_api+\hash.h
		llahdoc_api+\highgui100.dll = llahdoc_api+\highgui100.dll
		llahdoc_api+\libguide40.dll = llahdoc_api+\libguide40.dll
		llahdoc_api+\llahdoc.dll = llahdoc_api+\llahdoc.dll
		llahdoc_api+\llahdoc.lib = llahdoc_api+\llahdoc.lib
		llahdoc_api+\llahdoc_dll.h = llahdoc_api+\llahdoc_dll.h
	EndProjectSection
EndProject
Project("{FAE04EC0-301F-11D3-BF4B-00C04F79EFBC}") = "AnnotoPenReceiver", "..\PenProtocol\AnnotoPenReceiver\AnnotoPenReceiver.csproj", "{6521FCB5-2BBD-44A7-B0D8-278F5A1B4158}"
EndProject
Global
	GlobalSection(SolutionConfigurationPlatforms) = preSolution
		Debug|Any CPU = Debug|Any CPU
		Debug|Mixed Platforms = Debug|Mixed Platforms
		Debug|Win32 = Debug|Win32
		Debug|x64 = Debug|x64
		Debug|x86 = Debug|x86
		Release|Any CPU = Release|Any CPU
		Release|Mixed Platforms = Release|Mixed Platforms
		Release|Win32 = Release|Win32
		Release|x64 = Release|x64
		Release|x86 = Release|x86
	EndGlobalSection
	GlobalSection(ProjectConfigurationPlatforms) = postSolution
		{F7E00155-BE6C-4A99-AF50-19E319F997A6}.Debug|Any CPU.ActiveCfg = Debug|x64
		{F7E00155-BE6C-4A99-AF50-19E319F997A6}.Debug|Mixed Platforms.ActiveCfg = Debug|x64
		{F7E00155-BE6C-4A99-AF50-19E319F997A6}.Debug|Mixed Platforms.Build.0 = Debug|x64
		{F7E00155-BE6C-4A99-AF50-19E319F997A6}.Debug|Win32.ActiveCfg = Debug|Win32
		{F7E00155-BE6C-4A99-AF50-19E319F997A6}.Debug|Win32.Build.0 = Debug|Win32
		{F7E00155-BE6C-4A99-AF50-19E319F997A6}.Debug|x64.ActiveCfg = Debug|x64
		{F7E00155-BE6C-4A99-AF50-19E319F997A6}.Debug|x64.Build.0 = Debug|x64
		{F7E00155-BE6C-4A99-AF50-19E319F997A6}.Debug|x86.ActiveCfg = Debug|x64
		{F7E00155-BE6C-4A99-AF50-19E319F997A6}.Release|Any CPU.ActiveCfg = Release|x64
		{F7E00155-BE6C-4A99-AF50-19E319F997A6}.Release|Mixed Platforms.ActiveCfg = Release|x64
		{F7E00155-BE6C-4A99-AF50-19E319F997A6}.Release|Mixed Platforms.Build.0 = Release|x64
		{F7E00155-BE6C-4A99-AF50-19E319F997A6}.Release|Win32.ActiveCfg = Release|Win32
		{F7E00155-BE6C-4A99-AF50-19E319F997A6}.Release|Win32.Build.0 = Release|Win32
		{F7E00155-BE6C-4A99-AF50-19E319F997A6}.Release|x64.ActiveCfg = Release|x64
		{F7E00155-BE6C-4A99-AF50-19E319F997A6}.Release|x64.Build.0 = Release|x64
		{F7E00155-BE6C-4A99-AF50-19E319F997A6}.Release|x86.ActiveCfg = Release|x64
		{4B152F4F-97AB-443B-BF9C-A5B1347B580D}.Debug|Any CPU.ActiveCfg = Debug|Any CPU
		{4B152F4F-97AB-443B-BF9C-A5B1347B580D}.Debug|Any CPU.Build.0 = Debug|Any CPU
		{4B152F4F-97AB-443B-BF9C-A5B1347B580D}.Debug|Mixed Platforms.ActiveCfg = Debug|x86
		{4B152F4F-97AB-443B-BF9C-A5B1347B580D}.Debug|Mixed Platforms.Build.0 = Debug|x86
		{4B152F4F-97AB-443B-BF9C-A5B1347B580D}.Debug|Win32.ActiveCfg = Debug|x86
		{4B152F4F-97AB-443B-BF9C-A5B1347B580D}.Debug|x64.ActiveCfg = Debug|Any CPU
		{4B152F4F-97AB-443B-BF9C-A5B1347B580D}.Debug|x64.Build.0 = Debug|Any CPU
		{4B152F4F-97AB-443B-BF9C-A5B1347B580D}.Debug|x86.ActiveCfg = Debug|x86
		{4B152F4F-97AB-443B-BF9C-A5B1347B580D}.Debug|x86.Build.0 = Debug|x86
		{4B152F4F-97AB-443B-BF9C-A5B1347B580D}.Release|Any CPU.ActiveCfg = Release|Any CPU
		{4B152F4F-97AB-443B-BF9C-A5B1347B580D}.Release|Any CPU.Build.0 = Release|Any CPU
		{4B152F4F-97AB-443B-BF9C-A5B1347B580D}.Release|Mixed Platforms.ActiveCfg = Release|x86
		{4B152F4F-97AB-443B-BF9C-A5B1347B580D}.Release|Mixed Platforms.Build.0 = Release|x86
		{4B152F4F-97AB-443B-BF9C-A5B1347B580D}.Release|Win32.ActiveCfg = Release|x86
		{4B152F4F-97AB-443B-BF9C-A5B1347B580D}.Release|x64.ActiveCfg = Release|Any CPU
		{4B152F4F-97AB-443B-BF9C-A5B1347B580D}.Release|x64.Build.0 = Release|Any CPU
		{4B152F4F-97AB-443B-BF9C-A5B1347B580D}.Release|x86.ActiveCfg = Release|x86
		{4B152F4F-97AB-443B-BF9C-A5B1347B580D}.Release|x86.Build.0 = Release|x86
		{279DADCF-F9B4-4351-973B-439E8715C35B}.Debug|Any CPU.ActiveCfg = Debug|x64
		{279DADCF-F9B4-4351-973B-439E8715C35B}.Debug|Mixed Platforms.ActiveCfg = Debug|Win32
		{279DADCF-F9B4-4351-973B-439E8715C35B}.Debug|Mixed Platforms.Build.0 = Debug|Win32
		{279DADCF-F9B4-4351-973B-439E8715C35B}.Debug|Win32.ActiveCfg = Debug|Win32
		{279DADCF-F9B4-4351-973B-439E8715C35B}.Debug|Win32.Build.0 = Debug|Win32
		{279DADCF-F9B4-4351-973B-439E8715C35B}.Debug|x64.ActiveCfg = Debug|x64
		{279DADCF-F9B4-4351-973B-439E8715C35B}.Debug|x64.Build.0 = Debug|x64
		{279DADCF-F9B4-4351-973B-439E8715C35B}.Debug|x86.ActiveCfg = Debug|Win32
		{279DADCF-F9B4-4351-973B-439E8715C35B}.Release|Any CPU.ActiveCfg = Release|x64
		{279DADCF-F9B4-4351-973B-439E8715C35B}.Release|Mixed Platforms.ActiveCfg = Release|Win32
		{279DADCF-F9B4-4351-973B-439E8715C35B}.Release|Mixed Platforms.Build.0 = Release|Win32
		{279DADCF-F9B4-4351-973B-439E8715C35B}.Release|Win32.ActiveCfg = Release|Win32
		{279DADCF-F9B4-4351-973B-439E8715C35B}.Release|Win32.Build.0 = Release|Win32
		{279DADCF-F9B4-4351-973B-439E8715C35B}.Release|x64.ActiveCfg = Release|x64
		{279DADCF-F9B4-4351-973B-439E8715C35B}.Release|x64.Build.0 = Release|x64
		{279DADCF-F9B4-4351-973B-439E8715C35B}.Release|x86.ActiveCfg = Release|Win32
		{35BC03D0-5325-460C-AC49-144D0A6FFEF1}.Debug|Any CPU.ActiveCfg = Debug|Any CPU
		{35BC03D0-5325-460C-AC49-144D0A6FFEF1}.Debug|Any CPU.Build.0 = Debug|Any CPU
		{35BC03D0-5325-460C-AC49-144D0A6FFEF1}.Debug|Mixed Platforms.ActiveCfg = Debug|Any CPU
		{35BC03D0-5325-460C-AC49-144D0A6FFEF1}.Debug|Mixed Platforms.Build.0 = Debug|Any CPU
		{35BC03D0-5325-460C-AC49-144D0A6FFEF1}.Debug|Win32.ActiveCfg = Debug|Any CPU
		{35BC03D0-5325-460C-AC49-144D0A6FFEF1}.Debug|x64.ActiveCfg = Debug|Any CPU
		{35BC03D0-5325-460C-AC49-144D0A6FFEF1}.Debug|x64.Build.0 = Debug|Any CPU
		{35BC03D0-5325-460C-AC49-144D0A6FFEF1}.Debug|x86.ActiveCfg = Debug|Any CPU
		{35BC03D0-5325-460C-AC49-144D0A6FFEF1}.Release|Any CPU.ActiveCfg = Release|Any CPU
		{35BC03D0-5325-460C-AC49-144D0A6FFEF1}.Release|Any CPU.Build.0 = Release|Any CPU
		{35BC03D0-5325-460C-AC49-144D0A6FFEF1}.Release|Mixed Platforms.ActiveCfg = Release|Any CPU
		{35BC03D0-5325-460C-AC49-144D0A6FFEF1}.Release|Mixed Platforms.Build.0 = Release|Any CPU
		{35BC03D0-5325-460C-AC49-144D0A6FFEF1}.Release|Win32.ActiveCfg = Release|Any CPU
		{35BC03D0-5325-460C-AC49-144D0A6FFEF1}.Release|x64.ActiveCfg = Release|Any CPU
		{35BC03D0-5325-460C-AC49-144D0A6FFEF1}.Release|x64.Build.0 = Release|Any CPU
		{35BC03D0-5325-460C-AC49-144D0A6FFEF1}.Release|x86.ActiveCfg = Release|Any CPU
		{E32BDAFF-BEA6-4D73-8563-8874BDAE48DC}.Debug|Any CPU.ActiveCfg = Debug|x86
		{E32BDAFF-BEA6-4D73-8563-8874BDAE48DC}.Debug|Mixed Platforms.ActiveCfg = Debug|x86
		{E32BDAFF-BEA6-4D73-8563-8874BDAE48DC}.Debug|Mixed Platforms.Build.0 = Debug|x86
		{E32BDAFF-BEA6-4D73-8563-8874BDAE48DC}.Debug|Win32.ActiveCfg = Debug|x86
		{E32BDAFF-BEA6-4D73-8563-8874BDAE48DC}.Debug|x64.ActiveCfg = Debug|Any CPU
		{E32BDAFF-BEA6-4D73-8563-8874BDAE48DC}.Debug|x64.Build.0 = Debug|Any CPU
		{E32BDAFF-BEA6-4D73-8563-8874BDAE48DC}.Debug|x86.ActiveCfg = Debug|x86
		{E32BDAFF-BEA6-4D73-8563-8874BDAE48DC}.Debug|x86.Build.0 = Debug|x86
		{E32BDAFF-BEA6-4D73-8563-8874BDAE48DC}.Release|Any CPU.ActiveCfg = Release|x86
		{E32BDAFF-BEA6-4D73-8563-8874BDAE48DC}.Release|Mixed Platforms.ActiveCfg = Release|x86
		{E32BDAFF-BEA6-4D73-8563-8874BDAE48DC}.Release|Mixed Platforms.Build.0 = Release|x86
		{E32BDAFF-BEA6-4D73-8563-8874BDAE48DC}.Release|Win32.ActiveCfg = Release|x86
		{E32BDAFF-BEA6-4D73-8563-8874BDAE48DC}.Release|x64.ActiveCfg = Release|Any CPU
		{E32BDAFF-BEA6-4D73-8563-8874BDAE48DC}.Release|x64.Build.0 = Release|Any CPU
		{E32BDAFF-BEA6-4D73-8563-8874BDAE48DC}.Release|x86.ActiveCfg = Release|x86
		{E32BDAFF-BEA6-4D73-8563-8874BDAE48DC}.Release|x86.Build.0 = Release|x86
		{82FFF17B-640D-48F6-9D29-46DA11EA3CD1}.Debug|Any CPU.ActiveCfg = Debug|Any CPU
		{82FFF17B-640D-48F6-9D29-46DA11EA3CD1}.Debug|Any CPU.Build.0 = Debug|Any CPU
		{82FFF17B-640D-48F6-9D29-46DA11EA3CD1}.Debug|Mixed Platforms.ActiveCfg = Debug|Any CPU
		{82FFF17B-640D-48F6-9D29-46DA11EA3CD1}.Debug|Mixed Platforms.Build.0 = Debug|Any CPU
		{82FFF17B-640D-48F6-9D29-46DA11EA3CD1}.Debug|Win32.ActiveCfg = Debug|Any CPU
		{82FFF17B-640D-48F6-9D29-46DA11EA3CD1}.Debug|x64.ActiveCfg = Debug|Any CPU
		{82FFF17B-640D-48F6-9D29-46DA11EA3CD1}.Debug|x64.Build.0 = Debug|Any CPU
		{82FFF17B-640D-48F6-9D29-46DA11EA3CD1}.Debug|x86.ActiveCfg = Debug|Any CPU
		{82FFF17B-640D-48F6-9D29-46DA11EA3CD1}.Release|Any CPU.ActiveCfg = Release|Any CPU
		{82FFF17B-640D-48F6-9D29-46DA11EA3CD1}.Release|Any CPU.Build.0 = Release|Any CPU
		{82FFF17B-640D-48F6-9D29-46DA11EA3CD1}.Release|Mixed Platforms.ActiveCfg = Release|Any CPU
		{82FFF17B-640D-48F6-9D29-46DA11EA3CD1}.Release|Mixed Platforms.Build.0 = Release|Any CPU
		{82FFF17B-640D-48F6-9D29-46DA11EA3CD1}.Release|Win32.ActiveCfg = Release|Any CPU
		{82FFF17B-640D-48F6-9D29-46DA11EA3CD1}.Release|x64.ActiveCfg = Release|Any CPU
		{82FFF17B-640D-48F6-9D29-46DA11EA3CD1}.Release|x64.Build.0 = Release|Any CPU
		{82FFF17B-640D-48F6-9D29-46DA11EA3CD1}.Release|x86.ActiveCfg = Release|Any CPU
		{499EB63C-D74C-47E8-AE48-A2FC94538E9D}.Debug|Any CPU.ActiveCfg = Debug|Any CPU
		{499EB63C-D74C-47E8-AE48-A2FC94538E9D}.Debug|Any CPU.Build.0 = Debug|Any CPU
		{499EB63C-D74C-47E8-AE48-A2FC94538E9D}.Debug|Mixed Platforms.ActiveCfg = Debug|Any CPU
		{499EB63C-D74C-47E8-AE48-A2FC94538E9D}.Debug|Mixed Platforms.Build.0 = Debug|Any CPU
		{499EB63C-D74C-47E8-AE48-A2FC94538E9D}.Debug|Win32.ActiveCfg = Debug|Any CPU
		{499EB63C-D74C-47E8-AE48-A2FC94538E9D}.Debug|x64.ActiveCfg = Debug|Any CPU
		{499EB63C-D74C-47E8-AE48-A2FC94538E9D}.Debug|x64.Build.0 = Debug|Any CPU
		{499EB63C-D74C-47E8-AE48-A2FC94538E9D}.Debug|x86.ActiveCfg = Debug|Any CPU
		{499EB63C-D74C-47E8-AE48-A2FC94538E9D}.Release|Any CPU.ActiveCfg = Release|Any CPU
		{499EB63C-D74C-47E8-AE48-A2FC94538E9D}.Release|Any CPU.Build.0 = Release|Any CPU
		{499EB63C-D74C-47E8-AE48-A2FC94538E9D}.Release|Mixed Platforms.ActiveCfg = Release|Any CPU
		{499EB63C-D74C-47E8-AE48-A2FC94538E9D}.Release|Mixed Platforms.Build.0 = Release|Any CPU
		{499EB63C-D74C-47E8-AE48-A2FC94538E9D}.Release|Win32.ActiveCfg = Release|Any CPU
		{499EB63C-D74C-47E8-AE48-A2FC94538E9D}.Release|x64.ActiveCfg = Release|Any CPU
		{499EB63C-D74C-47E8-AE48-A2FC94538E9D}.Release|x64.Build.0 = Release|Any CPU
		{499EB63C-D74C-47E8-AE48-A2FC94538E9D}.Release|x86.ActiveCfg = Release|Any CPU
		{7E5E1654-DAD4-4E03-82FC-8CA33DB1EBE5}.Debug|Any CPU.ActiveCfg = Debug|Any CPU
		{7E5E1654-DAD4-4E03-82FC-8CA33DB1EBE5}.Debug|Any CPU.Build.0 = Debug|Any CPU
		{7E5E1654-DAD4-4E03-82FC-8CA33DB1EBE5}.Debug|Mixed Platforms.ActiveCfg = Debug|Any CPU
		{7E5E1654-DAD4-4E03-82FC-8CA33DB1EBE5}.Debug|Mixed Platforms.Build.0 = Debug|Any CPU
		{7E5E1654-DAD4-4E03-82FC-8CA33DB1EBE5}.Debug|Win32.ActiveCfg = Debug|Any CPU
		{7E5E1654-DAD4-4E03-82FC-8CA33DB1EBE5}.Debug|x64.ActiveCfg = Debug|Any CPU
		{7E5E1654-DAD4-4E03-82FC-8CA33DB1EBE5}.Debug|x64.Build.0 = Debug|Any CPU
		{7E5E1654-DAD4-4E03-82FC-8CA33DB1EBE5}.Debug|x86.ActiveCfg = Debug|Any CPU
		{7E5E1654-DAD4-4E03-82FC-8CA33DB1EBE5}.Release|Any CPU.ActiveCfg = Release|Any CPU
		{7E5E1654-DAD4-4E03-82FC-8CA33DB1EBE5}.Release|Any CPU.Build.0 = Release|Any CPU
		{7E5E1654-DAD4-4E03-82FC-8CA33DB1EBE5}.Release|Mixed Platforms.ActiveCfg = Release|Any CPU
		{7E5E1654-DAD4-4E03-82FC-8CA33DB1EBE5}.Release|Mixed Platforms.Build.0 = Release|Any CPU
		{7E5E1654-DAD4-4E03-82FC-8CA33DB1EBE5}.Release|Win32.ActiveCfg = Release|Any CPU
		{7E5E1654-DAD4-4E03-82FC-8CA33DB1EBE5}.Release|x64.ActiveCfg = Release|Any CPU
		{7E5E1654-DAD4-4E03-82FC-8CA33DB1EBE5}.Release|x64.Build.0 = Release|Any CPU
		{7E5E1654-DAD4-4E03-82FC-8CA33DB1EBE5}.Release|x86.ActiveCfg = Release|Any CPU
		{E28FD0B0-0889-44D7-87CC-62C6E1D08F7B}.Debug|Any CPU.ActiveCfg = Debug|Win32
		{E28FD0B0-0889-44D7-87CC-62C6E1D08F7B}.Debug|Mixed Platforms.ActiveCfg = Debug|Win32
		{E28FD0B0-0889-44D7-87CC-62C6E1D08F7B}.Debug|Mixed Platforms.Build.0 = Debug|Win32
		{E28FD0B0-0889-44D7-87CC-62C6E1D08F7B}.Debug|Win32.ActiveCfg = Debug|Win32
		{E28FD0B0-0889-44D7-87CC-62C6E1D08F7B}.Debug|Win32.Build.0 = Debug|Win32
		{E28FD0B0-0889-44D7-87CC-62C6E1D08F7B}.Debug|x64.ActiveCfg = Debug|Win32
		{E28FD0B0-0889-44D7-87CC-62C6E1D08F7B}.Debug|x86.ActiveCfg = Debug|Win32
		{E28FD0B0-0889-44D7-87CC-62C6E1D08F7B}.Release|Any CPU.ActiveCfg = Release|Win32
		{E28FD0B0-0889-44D7-87CC-62C6E1D08F7B}.Release|Mixed Platforms.ActiveCfg = Release|Win32
		{E28FD0B0-0889-44D7-87CC-62C6E1D08F7B}.Release|Mixed Platforms.Build.0 = Release|Win32
		{E28FD0B0-0889-44D7-87CC-62C6E1D08F7B}.Release|Win32.ActiveCfg = Release|Win32
		{E28FD0B0-0889-44D7-87CC-62C6E1D08F7B}.Release|Win32.Build.0 = Release|Win32
		{E28FD0B0-0889-44D7-87CC-62C6E1D08F7B}.Release|x64.ActiveCfg = Release|x64
		{E28FD0B0-0889-44D7-87CC-62C6E1D08F7B}.Release|x64.Build.0 = Release|x64
		{E28FD0B0-0889-44D7-87CC-62C6E1D08F7B}.Release|x86.ActiveCfg = Release|Win32
		{6521FCB5-2BBD-44A7-B0D8-278F5A1B4158}.Debug|Any CPU.ActiveCfg = Debug|x86
		{6521FCB5-2BBD-44A7-B0D8-278F5A1B4158}.Debug|Mixed Platforms.ActiveCfg = Debug|x86
		{6521FCB5-2BBD-44A7-B0D8-278F5A1B4158}.Debug|Mixed Platforms.Build.0 = Debug|x86
		{6521FCB5-2BBD-44A7-B0D8-278F5A1B4158}.Debug|Win32.ActiveCfg = Debug|x86
		{6521FCB5-2BBD-44A7-B0D8-278F5A1B4158}.Debug|x64.ActiveCfg = Debug|x86
		{6521FCB5-2BBD-44A7-B0D8-278F5A1B4158}.Debug|x86.ActiveCfg = Debug|x86
		{6521FCB5-2BBD-44A7-B0D8-278F5A1B4158}.Debug|x86.Build.0 = Debug|x86
		{6521FCB5-2BBD-44A7-B0D8-278F5A1B4158}.Release|Any CPU.ActiveCfg = Release|x86
		{6521FCB5-2BBD-44A7-B0D8-278F5A1B4158}.Release|Mixed Platforms.ActiveCfg = Release|x86
		{6521FCB5-2BBD-44A7-B0D8-278F5A1B4158}.Release|Mixed Platforms.Build.0 = Release|x86
		{6521FCB5-2BBD-44A7-B0D8-278F5A1B4158}.Release|Win32.ActiveCfg = Release|x86
		{6521FCB5-2BBD-44A7-B0D8-278F5A1B4158}.Release|x64.ActiveCfg = Release|Any CPU
		{6521FCB5-2BBD-44A7-B0D8-278F5A1B4158}.Release|x64.Build.0 = Release|Any CPU
		{6521FCB5-2BBD-44A7-B0D8-278F5A1B4158}.Release|x86.ActiveCfg = Release|x86
		{6521FCB5-2BBD-44A7-B0D8-278F5A1B4158}.Release|x86.Build.0 = Release|x86
	EndGlobalSection
	GlobalSection(SolutionProperties) = preSolution
		HideSolutionNode = FALSE
	EndGlobalSection
	GlobalSection(NestedProjects) = preSolution
		{82FFF17B-640D-48F6-9D29-46DA11EA3CD1} = {9D7CBACA-0CB6-43A1-9848-B7239137C05D}
		{499EB63C-D74C-47E8-AE48-A2FC94538E9D} = {9D7CBACA-0CB6-43A1-9848-B7239137C05D}
		{7E5E1654-DAD4-4E03-82FC-8CA33DB1EBE5} = {9D7CBACA-0CB6-43A1-9848-B7239137C05D}
		{E28FD0B0-0889-44D7-87CC-62C6E1D08F7B} = {E9082514-7C50-4323-911B-4627A95AE3F0}
	EndGlobalSection
EndGlobal
