
Microsoft Visual Studio Solution File, Format Version 11.00
# Visual Studio 2010
Project("{8BC9CEB8-8B4A-11D0-8D11-00A0C91BC942}") = "InteractiveSpaceEngine", "InteractiveSpaceEngine\InteractiveSpaceEngine.vcxproj", "{F7E00155-BE6C-4A99-AF50-19E319F997A6}"
EndProject
Project("{FAE04EC0-301F-11D3-BF4B-00C04F79EFBC}") = "InteractiveSpace.EngineController", "InteractiveSpace.EngineController\InteractiveSpace.EngineController.csproj", "{4B152F4F-97AB-443B-BF9C-A5B1347B580D}"
EndProject
Project("{FAE04EC0-301F-11D3-BF4B-00C04F79EFBC}") = "InteractiveSpace.SDK", "InteractiveSpace.SDK\InteractiveSpace.SDK.csproj", "{35BC03D0-5325-460C-AC49-144D0A6FFEF1}"
EndProject
Project("{2150E333-8FDC-42A3-9474-1A3956D46DE8}") = "MultiTouchVista", "MultiTouchVista", "{AED2D03C-E214-4DB5-AFBF-E93F0B051956}"
EndProject
Project("{FAE04EC0-301F-11D3-BF4B-00C04F79EFBC}") = "Libraries", "MultiTouchVista\Libraries\Libraries.csproj", "{11B2B8CF-48A7-4A68-A1F4-40FA01EBDA55}"
EndProject
Project("{FAE04EC0-301F-11D3-BF4B-00C04F79EFBC}") = "Multitouch.Configuration", "MultiTouchVista\Configuration\Multitouch.Configuration\Multitouch.Configuration.csproj", "{9B60DB89-E078-4A56-9D10-13308E90EF6D}"
EndProject
Project("{FAE04EC0-301F-11D3-BF4B-00C04F79EFBC}") = "Multitouch.Configuration.WPF", "MultiTouchVista\Configuration\Multitouch.Configuration.WPF\Multitouch.Configuration.WPF.csproj", "{07089C7C-AC71-403B-9492-189F9C1EAF32}"
EndProject
Project("{FAE04EC0-301F-11D3-BF4B-00C04F79EFBC}") = "Multitouch.Contracts", "MultiTouchVista\Multitouch.Contracts\Multitouch.Contracts.csproj", "{741BC9A8-EFDE-4BA7-8F91-DC9B4F548A20}"
EndProject
Project("{FAE04EC0-301F-11D3-BF4B-00C04F79EFBC}") = "Multitouch.Framework", "MultiTouchVista\Framework\Multitouch.Framework\Multitouch.Framework.csproj", "{F78A290F-5D34-4D20-9EAA-D4963BCA09AA}"
EndProject
Project("{FAE04EC0-301F-11D3-BF4B-00C04F79EFBC}") = "Multitouch.Service.Console", "MultiTouchVista\Multitouch.Service.Console\Multitouch.Service.Console.csproj", "{094B04DC-3833-4CC1-8161-D9BD26616D57}"
EndProject
Project("{FAE04EC0-301F-11D3-BF4B-00C04F79EFBC}") = "Multitouch.Service.Logic", "MultiTouchVista\Multitouch.Service.Logic\Multitouch.Service.Logic.csproj", "{1720CC0B-4411-4FE5-A51C-D539BB19AC54}"
EndProject
Project("{FAE04EC0-301F-11D3-BF4B-00C04F79EFBC}") = "TuioProvider", "MultiTouchVista\InputProviders\TuioProvider\TuioProvider.csproj", "{CA2F4CDB-9DB6-4901-9ECB-B81516DB313A}"
EndProject
Project("{FAE04EC0-301F-11D3-BF4B-00C04F79EFBC}") = "Multitouch.Framework.WPF", "MultiTouchVista\Framework\Multitouch.Framework.WPF\Multitouch.Framework.WPF.csproj", "{F3219531-A4B9-4B65-B7EA-27C43E98C21D}"
EndProject
Project("{FAE04EC0-301F-11D3-BF4B-00C04F79EFBC}") = "InteractiveSpace.DocTrackApp", "InteractiveSpace.DocTrackApp\InteractiveSpace.DocTrackApp.csproj", "{4DBD25C9-3390-4761-9AE9-4936AD7CB69F}"
EndProject
Global
	GlobalSection(SolutionConfigurationPlatforms) = preSolution
		Debug|Win32 = Debug|Win32
		Debug|x64 = Debug|x64
		Release|Win32 = Release|Win32
		Release|x64 = Release|x64
	EndGlobalSection
	GlobalSection(ProjectConfigurationPlatforms) = postSolution
		{F7E00155-BE6C-4A99-AF50-19E319F997A6}.Debug|Win32.ActiveCfg = Debug|x64
		{F7E00155-BE6C-4A99-AF50-19E319F997A6}.Debug|x64.ActiveCfg = Debug|x64
		{F7E00155-BE6C-4A99-AF50-19E319F997A6}.Debug|x64.Build.0 = Debug|x64
		{F7E00155-BE6C-4A99-AF50-19E319F997A6}.Release|Win32.ActiveCfg = Release|Win32
		{F7E00155-BE6C-4A99-AF50-19E319F997A6}.Release|Win32.Build.0 = Release|Win32
		{F7E00155-BE6C-4A99-AF50-19E319F997A6}.Release|x64.ActiveCfg = Release|x64
		{F7E00155-BE6C-4A99-AF50-19E319F997A6}.Release|x64.Build.0 = Release|x64
		{4B152F4F-97AB-443B-BF9C-A5B1347B580D}.Debug|Win32.ActiveCfg = Debug|x86
		{4B152F4F-97AB-443B-BF9C-A5B1347B580D}.Debug|Win32.Build.0 = Debug|x86
		{4B152F4F-97AB-443B-BF9C-A5B1347B580D}.Debug|x64.ActiveCfg = Debug|x86
		{4B152F4F-97AB-443B-BF9C-A5B1347B580D}.Release|Win32.ActiveCfg = Release|x86
		{4B152F4F-97AB-443B-BF9C-A5B1347B580D}.Release|Win32.Build.0 = Release|x86
		{4B152F4F-97AB-443B-BF9C-A5B1347B580D}.Release|x64.ActiveCfg = Release|Any CPU
		{4B152F4F-97AB-443B-BF9C-A5B1347B580D}.Release|x64.Build.0 = Release|Any CPU
		{35BC03D0-5325-460C-AC49-144D0A6FFEF1}.Debug|Win32.ActiveCfg = Debug|x86
		{35BC03D0-5325-460C-AC49-144D0A6FFEF1}.Debug|x64.ActiveCfg = Debug|x86
		{35BC03D0-5325-460C-AC49-144D0A6FFEF1}.Release|Win32.ActiveCfg = Release|x86
		{35BC03D0-5325-460C-AC49-144D0A6FFEF1}.Release|Win32.Build.0 = Release|x86
		{35BC03D0-5325-460C-AC49-144D0A6FFEF1}.Release|x64.ActiveCfg = Release|Any CPU
		{35BC03D0-5325-460C-AC49-144D0A6FFEF1}.Release|x64.Build.0 = Release|Any CPU
		{11B2B8CF-48A7-4A68-A1F4-40FA01EBDA55}.Debug|Win32.ActiveCfg = Debug|Any CPU
		{11B2B8CF-48A7-4A68-A1F4-40FA01EBDA55}.Debug|x64.ActiveCfg = Debug|Any CPU
		{11B2B8CF-48A7-4A68-A1F4-40FA01EBDA55}.Release|Win32.ActiveCfg = Release|Any CPU
		{11B2B8CF-48A7-4A68-A1F4-40FA01EBDA55}.Release|Win32.Build.0 = Release|Any CPU
		{11B2B8CF-48A7-4A68-A1F4-40FA01EBDA55}.Release|x64.ActiveCfg = Release|Any CPU
		{11B2B8CF-48A7-4A68-A1F4-40FA01EBDA55}.Release|x64.Build.0 = Release|Any CPU
		{9B60DB89-E078-4A56-9D10-13308E90EF6D}.Debug|Win32.ActiveCfg = Debug|Any CPU
		{9B60DB89-E078-4A56-9D10-13308E90EF6D}.Debug|x64.ActiveCfg = Debug|Any CPU
		{9B60DB89-E078-4A56-9D10-13308E90EF6D}.Release|Win32.ActiveCfg = Release|Any CPU
		{9B60DB89-E078-4A56-9D10-13308E90EF6D}.Release|Win32.Build.0 = Release|Any CPU
		{9B60DB89-E078-4A56-9D10-13308E90EF6D}.Release|x64.ActiveCfg = Release|Any CPU
		{9B60DB89-E078-4A56-9D10-13308E90EF6D}.Release|x64.Build.0 = Release|Any CPU
		{07089C7C-AC71-403B-9492-189F9C1EAF32}.Debug|Win32.ActiveCfg = Debug|Any CPU
		{07089C7C-AC71-403B-9492-189F9C1EAF32}.Debug|x64.ActiveCfg = Debug|Any CPU
		{07089C7C-AC71-403B-9492-189F9C1EAF32}.Release|Win32.ActiveCfg = Release|Any CPU
		{07089C7C-AC71-403B-9492-189F9C1EAF32}.Release|Win32.Build.0 = Release|Any CPU
		{07089C7C-AC71-403B-9492-189F9C1EAF32}.Release|x64.ActiveCfg = Release|Any CPU
		{07089C7C-AC71-403B-9492-189F9C1EAF32}.Release|x64.Build.0 = Release|Any CPU
		{741BC9A8-EFDE-4BA7-8F91-DC9B4F548A20}.Debug|Win32.ActiveCfg = Debug|Any CPU
		{741BC9A8-EFDE-4BA7-8F91-DC9B4F548A20}.Debug|x64.ActiveCfg = Debug|Any CPU
		{741BC9A8-EFDE-4BA7-8F91-DC9B4F548A20}.Release|Win32.ActiveCfg = Release|Any CPU
		{741BC9A8-EFDE-4BA7-8F91-DC9B4F548A20}.Release|Win32.Build.0 = Release|Any CPU
		{741BC9A8-EFDE-4BA7-8F91-DC9B4F548A20}.Release|x64.ActiveCfg = Release|Any CPU
		{741BC9A8-EFDE-4BA7-8F91-DC9B4F548A20}.Release|x64.Build.0 = Release|Any CPU
		{F78A290F-5D34-4D20-9EAA-D4963BCA09AA}.Debug|Win32.ActiveCfg = Debug|Any CPU
		{F78A290F-5D34-4D20-9EAA-D4963BCA09AA}.Debug|x64.ActiveCfg = Debug|Any CPU
		{F78A290F-5D34-4D20-9EAA-D4963BCA09AA}.Release|Win32.ActiveCfg = Release|Any CPU
		{F78A290F-5D34-4D20-9EAA-D4963BCA09AA}.Release|Win32.Build.0 = Release|Any CPU
		{F78A290F-5D34-4D20-9EAA-D4963BCA09AA}.Release|x64.ActiveCfg = Release|Any CPU
		{F78A290F-5D34-4D20-9EAA-D4963BCA09AA}.Release|x64.Build.0 = Release|Any CPU
		{094B04DC-3833-4CC1-8161-D9BD26616D57}.Debug|Win32.ActiveCfg = Debug|Any CPU
		{094B04DC-3833-4CC1-8161-D9BD26616D57}.Debug|x64.ActiveCfg = Debug|Any CPU
		{094B04DC-3833-4CC1-8161-D9BD26616D57}.Release|Win32.ActiveCfg = Release|Any CPU
		{094B04DC-3833-4CC1-8161-D9BD26616D57}.Release|Win32.Build.0 = Release|Any CPU
		{094B04DC-3833-4CC1-8161-D9BD26616D57}.Release|x64.ActiveCfg = Release|Any CPU
		{094B04DC-3833-4CC1-8161-D9BD26616D57}.Release|x64.Build.0 = Release|Any CPU
		{1720CC0B-4411-4FE5-A51C-D539BB19AC54}.Debug|Win32.ActiveCfg = Debug|Any CPU
		{1720CC0B-4411-4FE5-A51C-D539BB19AC54}.Debug|x64.ActiveCfg = Debug|Any CPU
		{1720CC0B-4411-4FE5-A51C-D539BB19AC54}.Release|Win32.ActiveCfg = Release|Any CPU
		{1720CC0B-4411-4FE5-A51C-D539BB19AC54}.Release|Win32.Build.0 = Release|Any CPU
		{1720CC0B-4411-4FE5-A51C-D539BB19AC54}.Release|x64.ActiveCfg = Release|Any CPU
		{1720CC0B-4411-4FE5-A51C-D539BB19AC54}.Release|x64.Build.0 = Release|Any CPU
		{CA2F4CDB-9DB6-4901-9ECB-B81516DB313A}.Debug|Win32.ActiveCfg = Debug|Any CPU
		{CA2F4CDB-9DB6-4901-9ECB-B81516DB313A}.Debug|x64.ActiveCfg = Debug|Any CPU
		{CA2F4CDB-9DB6-4901-9ECB-B81516DB313A}.Release|Win32.ActiveCfg = Release|Any CPU
		{CA2F4CDB-9DB6-4901-9ECB-B81516DB313A}.Release|Win32.Build.0 = Release|Any CPU
		{CA2F4CDB-9DB6-4901-9ECB-B81516DB313A}.Release|x64.ActiveCfg = Release|Any CPU
		{CA2F4CDB-9DB6-4901-9ECB-B81516DB313A}.Release|x64.Build.0 = Release|Any CPU
		{F3219531-A4B9-4B65-B7EA-27C43E98C21D}.Debug|Win32.ActiveCfg = Debug|Any CPU
		{F3219531-A4B9-4B65-B7EA-27C43E98C21D}.Debug|x64.ActiveCfg = Debug|Any CPU
		{F3219531-A4B9-4B65-B7EA-27C43E98C21D}.Release|Win32.ActiveCfg = Release|Any CPU
		{F3219531-A4B9-4B65-B7EA-27C43E98C21D}.Release|Win32.Build.0 = Release|Any CPU
		{F3219531-A4B9-4B65-B7EA-27C43E98C21D}.Release|x64.ActiveCfg = Release|Any CPU
		{F3219531-A4B9-4B65-B7EA-27C43E98C21D}.Release|x64.Build.0 = Release|Any CPU
		{4DBD25C9-3390-4761-9AE9-4936AD7CB69F}.Debug|Win32.ActiveCfg = Debug|x64
		{4DBD25C9-3390-4761-9AE9-4936AD7CB69F}.Debug|x64.ActiveCfg = Debug|x64
		{4DBD25C9-3390-4761-9AE9-4936AD7CB69F}.Debug|x64.Build.0 = Debug|x64
		{4DBD25C9-3390-4761-9AE9-4936AD7CB69F}.Release|Win32.ActiveCfg = Release|Any CPU
		{4DBD25C9-3390-4761-9AE9-4936AD7CB69F}.Release|x64.ActiveCfg = Release|Any CPU
		{4DBD25C9-3390-4761-9AE9-4936AD7CB69F}.Release|x64.Build.0 = Release|Any CPU
	EndGlobalSection
	GlobalSection(SolutionProperties) = preSolution
		HideSolutionNode = FALSE
	EndGlobalSection
	GlobalSection(NestedProjects) = preSolution
		{11B2B8CF-48A7-4A68-A1F4-40FA01EBDA55} = {AED2D03C-E214-4DB5-AFBF-E93F0B051956}
		{9B60DB89-E078-4A56-9D10-13308E90EF6D} = {AED2D03C-E214-4DB5-AFBF-E93F0B051956}
		{07089C7C-AC71-403B-9492-189F9C1EAF32} = {AED2D03C-E214-4DB5-AFBF-E93F0B051956}
		{741BC9A8-EFDE-4BA7-8F91-DC9B4F548A20} = {AED2D03C-E214-4DB5-AFBF-E93F0B051956}
		{F78A290F-5D34-4D20-9EAA-D4963BCA09AA} = {AED2D03C-E214-4DB5-AFBF-E93F0B051956}
		{094B04DC-3833-4CC1-8161-D9BD26616D57} = {AED2D03C-E214-4DB5-AFBF-E93F0B051956}
		{1720CC0B-4411-4FE5-A51C-D539BB19AC54} = {AED2D03C-E214-4DB5-AFBF-E93F0B051956}
		{CA2F4CDB-9DB6-4901-9ECB-B81516DB313A} = {AED2D03C-E214-4DB5-AFBF-E93F0B051956}
		{F3219531-A4B9-4B65-B7EA-27C43E98C21D} = {AED2D03C-E214-4DB5-AFBF-E93F0B051956}
	EndGlobalSection
EndGlobal
