<?xml version="1.0" encoding="utf-8"?>
<Project ToolsVersion="4.0" xmlns="http://schemas.microsoft.com/developer/msbuild/2003">
  <ItemGroup>
    <Filter Include="Source Files">
      <UniqueIdentifier>{4FC737F1-C7A5-4376-A066-2A32D752A2FF}</UniqueIdentifier>
      <Extensions>cpp;c;cc;cxx;def;odl;idl;hpj;bat;asm;asmx</Extensions>
    </Filter>
    <Filter Include="Header Files">
      <UniqueIdentifier>{93995380-89BD-4b04-88EB-625FBE52EBFB}</UniqueIdentifier>
      <Extensions>h;hpp;hxx;hm;inl;inc;xsd</Extensions>
    </Filter>
    <Filter Include="Resource Files">
      <UniqueIdentifier>{67DA6AB6-F800-4c08-8B7A-83BB121AAD01}</UniqueIdentifier>
      <Extensions>rc;ico;cur;bmp;dlg;rc2;rct;bin;rgs;gif;jpg;jpeg;jpe;resx;tiff;tif;png;wav;mfcribbon-ms</Extensions>
    </Filter>
  </ItemGroup>
  <ItemGroup>
    <ClInclude Include="KinectSensor.h">
      <Filter>Header Files</Filter>
    </ClInclude>
    <ClInclude Include="InteractiveSpaceEngine.h">
      <Filter>Header Files</Filter>
    </ClInclude>
    <ClInclude Include="ThreadUtils.h">
      <Filter>Header Files</Filter>
    </ClInclude>
    <ClInclude Include="ImageProcessingFactory.h">
      <Filter>Header Files</Filter>
    </ClInclude>
    <ClInclude Include="ThreadWorker.h">
      <Filter>Header Files</Filter>
    </ClInclude>
    <ClInclude Include="DllWrapper.h">
      <Filter>Header Files</Filter>
    </ClInclude>
    <ClInclude Include="OmniTouchFingerTracker.h">
      <Filter>Header Files</Filter>
    </ClInclude>
    <ClInclude Include="FingerSelector.h">
      <Filter>Header Files</Filter>
    </ClInclude>
    <ClInclude Include="InteractiveSpaceTypes.h">
      <Filter>Header Files</Filter>
    </ClInclude>
    <ClInclude Include="HandTracker.h">
      <Filter>Header Files</Filter>
    </ClInclude>
    <ClInclude Include="DebugUtils.h">
      <Filter>Header Files</Filter>
    </ClInclude>
    <ClInclude Include="ThresholdTouchFingerTracker.h">
      <Filter>Header Files</Filter>
    </ClInclude>
    <ClInclude Include="Calibrator.h">
      <Filter>Header Files</Filter>
    </ClInclude>
    <ClInclude Include="MotionCameraController.h">
      <Filter>Header Files</Filter>
    </ClInclude>
    <ClInclude Include="MotionCameraTracker.h">
      <Filter>Header Files</Filter>
    </ClInclude>
  </ItemGroup>
  <ItemGroup>
    <ClCompile Include="KinectSensor.cpp">
      <Filter>Source Files</Filter>
    </ClCompile>
    <ClCompile Include="InteractiveSpaceEngine.cpp">
      <Filter>Source Files</Filter>
    </ClCompile>
    <ClCompile Include="ImageProcessingFactory.cpp">
      <Filter>Source Files</Filter>
    </ClCompile>
    <ClCompile Include="ResultsDllWrapper.cpp">
      <Filter>Source Files</Filter>
    </ClCompile>
    <ClCompile Include="CommandDllWrapper.cpp">
      <Filter>Source Files</Filter>
    </ClCompile>
    <ClCompile Include="OmniTouchFingerTracker.cpp">
      <Filter>Source Files</Filter>
    </ClCompile>
    <ClCompile Include="FingerSelector.cpp">
      <Filter>Source Files</Filter>
    </ClCompile>
    <ClCompile Include="HandTracker.cpp">
      <Filter>Source Files</Filter>
    </ClCompile>
    <ClCompile Include="ThresholdTouchFingerTracker.cpp">
      <Filter>Source Files</Filter>
    </ClCompile>
    <ClCompile Include="Calibrator.cpp">
      <Filter>Source Files</Filter>
    </ClCompile>
    <ClCompile Include="MotionCameraController.cpp">
      <Filter>Source Files</Filter>
    </ClCompile>
    <ClCompile Include="MotionCameraTracker.cpp">
      <Filter>Source Files</Filter>
    </ClCompile>
  </ItemGroup>
  <ItemGroup>
    <None Include="OpenNIConfig.xml">
      <Filter>Resource Files</Filter>
    </None>
  </ItemGroup>
</Project>