<?xml version="1.0" encoding="utf-8"?>
<Project ToolsVersion="4.0" xmlns="http://schemas.microsoft.com/developer/msbuild/2003">
  <ItemGroup>
    <Filter Include="Source Files">
      <UniqueIdentifier>{4FC737F1-C7A5-4376-A066-2A32D752A2FF}</UniqueIdentifier>
      <Extensions>cpp;c;cc;cxx;def;odl;idl;hpj;bat;asm;asmx</Extensions>
    </Filter>
    <Filter Include="Header Files">
      <UniqueIdentifier>{93995380-89BD-4b04-88EB-625FBE52EBFB}</UniqueIdentifier>
      <Extensions>h;hpp;hxx;hm;inl;inc;xsd</Extensions>
    </Filter>
    <Filter Include="Resource Files">
      <UniqueIdentifier>{67DA6AB6-F800-4c08-8B7A-83BB121AAD01}</UniqueIdentifier>
      <Extensions>rc;ico;cur;bmp;dlg;rc2;rct;bin;rgs;gif;jpg;jpeg;jpe;resx;tiff;tif;png;wav;mfcribbon-ms</Extensions>
    </Filter>
    <Filter Include="Header Files\TUIO">
      <UniqueIdentifier>{a271498d-fe28-49aa-b86c-bce7fe3c7ca5}</UniqueIdentifier>
    </Filter>
    <Filter Include="Source Files\TUIO">
      <UniqueIdentifier>{3d1bb5e2-6a15-495f-bf76-edbbe7084d07}</UniqueIdentifier>
    </Filter>
    <Filter Include="Header Files\oscpack">
      <UniqueIdentifier>{cc880147-1efa-4968-9750-43ac3759f0ce}</UniqueIdentifier>
    </Filter>
    <Filter Include="Source Files\oscpack">
      <UniqueIdentifier>{e0504117-911e-498c-bd44-e8dde98d9a59}</UniqueIdentifier>
    </Filter>
  </ItemGroup>
  <ItemGroup>
    <ClInclude Include="KinectSensor.h">
      <Filter>Header Files</Filter>
    </ClInclude>
    <ClInclude Include="InteractiveSpaceEngine.h">
      <Filter>Header Files</Filter>
    </ClInclude>
    <ClInclude Include="ThreadUtils.h">
      <Filter>Header Files</Filter>
    </ClInclude>
    <ClInclude Include="ImageProcessingFactory.h">
      <Filter>Header Files</Filter>
    </ClInclude>
    <ClInclude Include="ThreadWorker.h">
      <Filter>Header Files</Filter>
    </ClInclude>
    <ClInclude Include="DllWrapper.h">
      <Filter>Header Files</Filter>
    </ClInclude>
    <ClInclude Include="OmniTouchFingerTracker.h">
      <Filter>Header Files</Filter>
    </ClInclude>
    <ClInclude Include="FingerSelector.h">
      <Filter>Header Files</Filter>
    </ClInclude>
    <ClInclude Include="InteractiveSpaceTypes.h">
      <Filter>Header Files</Filter>
    </ClInclude>
    <ClInclude Include="HandTracker.h">
      <Filter>Header Files</Filter>
    </ClInclude>
    <ClInclude Include="DebugUtils.h">
      <Filter>Header Files</Filter>
    </ClInclude>
    <ClInclude Include="Calibrator.h">
      <Filter>Header Files</Filter>
    </ClInclude>
    <ClInclude Include="FingerEventsGenerator.h">
      <Filter>Header Files</Filter>
    </ClInclude>
    <ClInclude Include="FingerPath.h">
      <Filter>Header Files</Filter>
    </ClInclude>
    <ClInclude Include="VideoRecorder.h">
      <Filter>Header Files</Filter>
    </ClInclude>
    <ClInclude Include="TUIO\TuioClient.h">
      <Filter>Header Files\TUIO</Filter>
    </ClInclude>
    <ClInclude Include="TUIO\TuioContainer.h">
      <Filter>Header Files\TUIO</Filter>
    </ClInclude>
    <ClInclude Include="TUIO\TuioCursor.h">
      <Filter>Header Files\TUIO</Filter>
    </ClInclude>
    <ClInclude Include="TUIO\TuioListener.h">
      <Filter>Header Files\TUIO</Filter>
    </ClInclude>
    <ClInclude Include="TUIO\TuioObject.h">
      <Filter>Header Files\TUIO</Filter>
    </ClInclude>
    <ClInclude Include="TUIO\TuioPoint.h">
      <Filter>Header Files\TUIO</Filter>
    </ClInclude>
    <ClInclude Include="TUIO\TuioServer.h">
      <Filter>Header Files\TUIO</Filter>
    </ClInclude>
    <ClInclude Include="TUIO\TuioTime.h">
      <Filter>Header Files\TUIO</Filter>
    </ClInclude>
    <ClInclude Include="oscpack\osc\OscOutboundPacketStream.h">
      <Filter>Header Files\oscpack</Filter>
    </ClInclude>
    <ClInclude Include="oscpack\osc\OscPacketListener.h">
      <Filter>Header Files\oscpack</Filter>
    </ClInclude>
    <ClInclude Include="oscpack\osc\OscTypes.h">
      <Filter>Header Files\oscpack</Filter>
    </ClInclude>
    <ClInclude Include="oscpack\osc\OscException.h">
      <Filter>Header Files\oscpack</Filter>
    </ClInclude>
    <ClInclude Include="oscpack\osc\OscHostEndianness.h">
      <Filter>Header Files\oscpack</Filter>
    </ClInclude>
    <ClInclude Include="oscpack\ip\NetworkingUtils.h">
      <Filter>Header Files\oscpack</Filter>
    </ClInclude>
    <ClInclude Include="oscpack\ip\TimerListener.h">
      <Filter>Header Files\oscpack</Filter>
    </ClInclude>
    <ClInclude Include="oscpack\ip\UdpSocket.h">
      <Filter>Header Files\oscpack</Filter>
    </ClInclude>
    <ClInclude Include="TuioExporter.h">
      <Filter>Header Files</Filter>
    </ClInclude>
    <ClInclude Include="oscpack\ip\IpEndpointName.h">
      <Filter>Header Files\oscpack</Filter>
    </ClInclude>
    <ClInclude Include="WebcamReader.h">
      <Filter>Header Files</Filter>
    </ClInclude>
  </ItemGroup>
  <ItemGroup>
    <ClCompile Include="KinectSensor.cpp">
      <Filter>Source Files</Filter>
    </ClCompile>
    <ClCompile Include="InteractiveSpaceEngine.cpp">
      <Filter>Source Files</Filter>
    </ClCompile>
    <ClCompile Include="ImageProcessingFactory.cpp">
      <Filter>Source Files</Filter>
    </ClCompile>
    <ClCompile Include="ResultsDllWrapper.cpp">
      <Filter>Source Files</Filter>
    </ClCompile>
    <ClCompile Include="CommandDllWrapper.cpp">
      <Filter>Source Files</Filter>
    </ClCompile>
    <ClCompile Include="OmniTouchFingerTracker.cpp">
      <Filter>Source Files</Filter>
    </ClCompile>
    <ClCompile Include="FingerSelector.cpp">
      <Filter>Source Files</Filter>
    </ClCompile>
    <ClCompile Include="HandTracker.cpp">
      <Filter>Source Files</Filter>
    </ClCompile>
    <ClCompile Include="Calibrator.cpp">
      <Filter>Source Files</Filter>
    </ClCompile>
    <ClCompile Include="FingerEventsGenerator.cpp">
      <Filter>Source Files</Filter>
    </ClCompile>
    <ClCompile Include="FingerPath.cpp">
      <Filter>Source Files</Filter>
    </ClCompile>
    <ClCompile Include="VideoRecorder.cpp">
      <Filter>Source Files</Filter>
    </ClCompile>
    <ClCompile Include="TUIO\TuioClient.cpp">
      <Filter>Source Files\TUIO</Filter>
    </ClCompile>
    <ClCompile Include="TUIO\TuioServer.cpp">
      <Filter>Source Files\TUIO</Filter>
    </ClCompile>
    <ClCompile Include="TUIO\TuioTime.cpp">
      <Filter>Source Files\TUIO</Filter>
    </ClCompile>
    <ClCompile Include="oscpack\osc\OscOutboundPacketStream.cpp">
      <Filter>Source Files\oscpack</Filter>
    </ClCompile>
    <ClCompile Include="oscpack\osc\OscTypes.cpp">
      <Filter>Source Files\oscpack</Filter>
    </ClCompile>
    <ClCompile Include="oscpack\ip\win32\NetworkingUtils.cpp">
      <Filter>Source Files\oscpack</Filter>
    </ClCompile>
    <ClCompile Include="oscpack\ip\win32\UdpSocket.cpp">
      <Filter>Source Files\oscpack</Filter>
    </ClCompile>
    <ClCompile Include="oscpack\osc\OscReceivedElements.cpp">
      <Filter>Source Files\oscpack</Filter>
    </ClCompile>
    <ClCompile Include="TuioExporter.cpp">
      <Filter>Source Files</Filter>
    </ClCompile>
    <ClCompile Include="oscpack\ip\IpEndpointName.cpp">
      <Filter>Source Files\oscpack</Filter>
    </ClCompile>
    <ClCompile Include="WebcamReader.cpp">
      <Filter>Source Files</Filter>
    </ClCompile>
  </ItemGroup>
  <ItemGroup>
    <None Include="OpenNIConfig.xml">
      <Filter>Resource Files</Filter>
    </None>
  </ItemGroup>
</Project>